
Microsoft Visual Studio Solution File, Format Version 12.00
# Visual Studio 15
VisualStudioVersion = 15.0.28307.757
MinimumVisualStudioVersion = 10.0.40219.1
Project("{9A19103F-16F7-4668-BE54-9A1E7A4F7556}") = "Dominio.QuickBuy", "Dominio.QuickBuy\Dominio.QuickBuy.csproj", "{5CFE10BF-C58E-4EC5-8963-2C80087C529E}"
EndProject
Project("{9A19103F-16F7-4668-BE54-9A1E7A4F7556}") = "Repositorio.QuickBuy", "Repositorio.QuickBuy\Repositorio.QuickBuy.csproj", "{C9EBF2B0-6BFC-4E60-98D1-0704DF772DAE}"
EndProject
Project("{FAE04EC0-301F-11D3-BF4B-00C04F79EFBC}") = "Web.QuickBuy", "Web.QuickBuy\Web.QuickBuy.csproj", "{11925152-B74C-43F5-BE4A-E392C6616A9A}"
EndProject
Global
	GlobalSection(SolutionConfigurationPlatforms) = preSolution
		Debug|Any CPU = Debug|Any CPU
		Release|Any CPU = Release|Any CPU
	EndGlobalSection
	GlobalSection(ProjectConfigurationPlatforms) = postSolution
		{5CFE10BF-C58E-4EC5-8963-2C80087C529E}.Debug|Any CPU.ActiveCfg = Debug|Any CPU
		{5CFE10BF-C58E-4EC5-8963-2C80087C529E}.Debug|Any CPU.Build.0 = Debug|Any CPU
		{5CFE10BF-C58E-4EC5-8963-2C80087C529E}.Release|Any CPU.ActiveCfg = Release|Any CPU
		{5CFE10BF-C58E-4EC5-8963-2C80087C529E}.Release|Any CPU.Build.0 = Release|Any CPU
		{C9EBF2B0-6BFC-4E60-98D1-0704DF772DAE}.Debug|Any CPU.ActiveCfg = Debug|Any CPU
		{C9EBF2B0-6BFC-4E60-98D1-0704DF772DAE}.Debug|Any CPU.Build.0 = Debug|Any CPU
		{C9EBF2B0-6BFC-4E60-98D1-0704DF772DAE}.Release|Any CPU.ActiveCfg = Release|Any CPU
		{C9EBF2B0-6BFC-4E60-98D1-0704DF772DAE}.Release|Any CPU.Build.0 = Release|Any CPU
		{11925152-B74C-43F5-BE4A-E392C6616A9A}.Debug|Any CPU.ActiveCfg = Debug|Any CPU
		{11925152-B74C-43F5-BE4A-E392C6616A9A}.Debug|Any CPU.Build.0 = Debug|Any CPU
		{11925152-B74C-43F5-BE4A-E392C6616A9A}.Release|Any CPU.ActiveCfg = Release|Any CPU
		{11925152-B74C-43F5-BE4A-E392C6616A9A}.Release|Any CPU.Build.0 = Release|Any CPU
	EndGlobalSection
	GlobalSection(SolutionProperties) = preSolution
		HideSolutionNode = FALSE
	EndGlobalSection
	GlobalSection(ExtensibilityGlobals) = postSolution
		SolutionGuid = {71173F0C-D624-46A5-8620-D0655048C8E7}
	EndGlobalSection
EndGlobal
